{
  "object": {
    "pins": [
      {
        "package": "Cairo",
        "repositoryURL": "https://github.com/Kiwijane3/Cairo.git",
        "state": {
          "branch": null,
          "revision": "ff0f9007cfe80d50d0101c623580c602b5cc1f66",
          "version": "1.2.7"
        }
      },
      {
        "package": "Cassowary",
        "repositoryURL": "https://github.com/Kiwijane3/CassowarySwift.git",
        "state": {
          "branch": null,
          "revision": "44f1a66ffeb6eeb70387be782cb8844256fb1906",
          "version": "2.1.0"
        }
      },
      {
        "package": "SDL",
        "repositoryURL": "https://github.com/Kiwijane3/SDL.git",
        "state": {
          "branch": null,
          "revision": "419b1a6af534ebfc4e0fff533c27d90e7455c114",
          "version": "1.2.0"
        }
      },
      {
        "package": "Silica",
        "repositoryURL": "https://github.com/Kiwijane3/Silica.git",
        "state": {
          "branch": null,
          "revision": "5a10556df14f355c86e42a479efe680837dc634f",
          "version": "2.1.1"
        }
      }
    ]
  },
  "version": 1
}
